
Microsoft Visual Studio Solution File, Format Version 12.00
# Visual Studio Version 16
VisualStudioVersion = 16.0.29911.84
MinimumVisualStudioVersion = 10.0.40219.1
Project("{8BC9CEB8-8B4A-11D0-8D11-00A0C91BC942}") = "kmdfUSB Driver2", "kmdfUSB Driver2\kmdfUSB Driver2.vcxproj", "{3E04E1F9-BD2A-4CC0-AC4A-291A890F990B}"
EndProject
Global
	GlobalSection(SolutionConfigurationPlatforms) = preSolution
		Debug|ARM = Debug|ARM
		Debug|ARM64 = Debug|ARM64
		Debug|x64 = Debug|x64
		Debug|x86 = Debug|x86
		Release|ARM = Release|ARM
		Release|ARM64 = Release|ARM64
		Release|x64 = Release|x64
		Release|x86 = Release|x86
		test|ARM = test|ARM
		test|ARM64 = test|ARM64
		test|x64 = test|x64
		test|x86 = test|x86
	EndGlobalSection
	GlobalSection(ProjectConfigurationPlatforms) = postSolution
		{3E04E1F9-BD2A-4CC0-AC4A-291A890F990B}.Debug|ARM.ActiveCfg = Debug|ARM
		{3E04E1F9-BD2A-4CC0-AC4A-291A890F990B}.Debug|ARM.Build.0 = Debug|ARM
		{3E04E1F9-BD2A-4CC0-AC4A-291A890F990B}.Debug|ARM.Deploy.0 = Debug|ARM
		{3E04E1F9-BD2A-4CC0-AC4A-291A890F990B}.Debug|ARM64.ActiveCfg = Debug|ARM64
		{3E04E1F9-BD2A-4CC0-AC4A-291A890F990B}.Debug|ARM64.Build.0 = Debug|ARM64
		{3E04E1F9-BD2A-4CC0-AC4A-291A890F990B}.Debug|ARM64.Deploy.0 = Debug|ARM64
		{3E04E1F9-BD2A-4CC0-AC4A-291A890F990B}.Debug|x64.ActiveCfg = Debug|x64
		{3E04E1F9-BD2A-4CC0-AC4A-291A890F990B}.Debug|x64.Build.0 = Debug|x64
		{3E04E1F9-BD2A-4CC0-AC4A-291A890F990B}.Debug|x64.Deploy.0 = Debug|x64
		{3E04E1F9-BD2A-4CC0-AC4A-291A890F990B}.Debug|x86.ActiveCfg = Debug|Win32
		{3E04E1F9-BD2A-4CC0-AC4A-291A890F990B}.Debug|x86.Build.0 = Debug|Win32
		{3E04E1F9-BD2A-4CC0-AC4A-291A890F990B}.Debug|x86.Deploy.0 = Debug|Win32
		{3E04E1F9-BD2A-4CC0-AC4A-291A890F990B}.Release|ARM.ActiveCfg = Release|ARM
		{3E04E1F9-BD2A-4CC0-AC4A-291A890F990B}.Release|ARM.Build.0 = Release|ARM
		{3E04E1F9-BD2A-4CC0-AC4A-291A890F990B}.Release|ARM.Deploy.0 = Release|ARM
		{3E04E1F9-BD2A-4CC0-AC4A-291A890F990B}.Release|ARM64.ActiveCfg = Release|ARM64
		{3E04E1F9-BD2A-4CC0-AC4A-291A890F990B}.Release|ARM64.Build.0 = Release|ARM64
		{3E04E1F9-BD2A-4CC0-AC4A-291A890F990B}.Release|ARM64.Deploy.0 = Release|ARM64
		{3E04E1F9-BD2A-4CC0-AC4A-291A890F990B}.Release|x64.ActiveCfg = Release|x64
		{3E04E1F9-BD2A-4CC0-AC4A-291A890F990B}.Release|x64.Build.0 = Release|x64
		{3E04E1F9-BD2A-4CC0-AC4A-291A890F990B}.Release|x64.Deploy.0 = Release|x64
		{3E04E1F9-BD2A-4CC0-AC4A-291A890F990B}.Release|x86.ActiveCfg = Release|Win32
		{3E04E1F9-BD2A-4CC0-AC4A-291A890F990B}.Release|x86.Build.0 = Release|Win32
		{3E04E1F9-BD2A-4CC0-AC4A-291A890F990B}.Release|x86.Deploy.0 = Release|Win32
		{3E04E1F9-BD2A-4CC0-AC4A-291A890F990B}.test|ARM.ActiveCfg = test|ARM
		{3E04E1F9-BD2A-4CC0-AC4A-291A890F990B}.test|ARM.Build.0 = test|ARM
		{3E04E1F9-BD2A-4CC0-AC4A-291A890F990B}.test|ARM.Deploy.0 = test|ARM
		{3E04E1F9-BD2A-4CC0-AC4A-291A890F990B}.test|ARM64.ActiveCfg = test|ARM64
		{3E04E1F9-BD2A-4CC0-AC4A-291A890F990B}.test|ARM64.Build.0 = test|ARM64
		{3E04E1F9-BD2A-4CC0-AC4A-291A890F990B}.test|ARM64.Deploy.0 = test|ARM64
		{3E04E1F9-BD2A-4CC0-AC4A-291A890F990B}.test|x64.ActiveCfg = test|x64
		{3E04E1F9-BD2A-4CC0-AC4A-291A890F990B}.test|x64.Build.0 = test|x64
		{3E04E1F9-BD2A-4CC0-AC4A-291A890F990B}.test|x86.ActiveCfg = test|Win32
		{3E04E1F9-BD2A-4CC0-AC4A-291A890F990B}.test|x86.Build.0 = test|Win32
		{3E04E1F9-BD2A-4CC0-AC4A-291A890F990B}.test|x86.Deploy.0 = test|Win32
	EndGlobalSection
	GlobalSection(SolutionProperties) = preSolution
		HideSolutionNode = FALSE
	EndGlobalSection
	GlobalSection(ExtensibilityGlobals) = postSolution
		SolutionGuid = {A68F8C18-CD79-41E5-92E2-CD0C37538A9C}
	EndGlobalSection
EndGlobal
